
Microsoft Visual Studio Solution File, Format Version 12.00
# Visual Studio Version 17
VisualStudioVersion = 17.9.34616.47
MinimumVisualStudioVersion = 10.0.40219.1
Project("{FAE04EC0-301F-11D3-BF4B-00C04F79EFBC}") = "Lab1IM", "Lab1IM.csproj", "{12C1AE13-F33B-4A90-87DF-CC2D580CB941}"
EndProject
Global
	GlobalSection(SolutionConfigurationPlatforms) = preSolution
		Debug|Any CPU = Debug|Any CPU
		Release|Any CPU = Release|Any CPU
	EndGlobalSection
	GlobalSection(ProjectConfigurationPlatforms) = postSolution
		{12C1AE13-F33B-4A90-87DF-CC2D580CB941}.Debug|Any CPU.ActiveCfg = Debug|Any CPU
		{12C1AE13-F33B-4A90-87DF-CC2D580CB941}.Debug|Any CPU.Build.0 = Debug|Any CPU
		{12C1AE13-F33B-4A90-87DF-CC2D580CB941}.Release|Any CPU.ActiveCfg = Release|Any CPU
		{12C1AE13-F33B-4A90-87DF-CC2D580CB941}.Release|Any CPU.Build.0 = Release|Any CPU
	EndGlobalSection
	GlobalSection(SolutionProperties) = preSolution
		HideSolutionNode = FALSE
	EndGlobalSection
	GlobalSection(ExtensibilityGlobals) = postSolution
		SolutionGuid = {DB41B642-EC99-4222-9C0E-1C819B2D680A}
	EndGlobalSection
EndGlobal
